// !$*UTF8*$!
{
	archiveVersion = 1;
	classes = {
	};
	objectVersion = 48;
	objects = {

/* Begin PBXBuildFile section */
		CA8470AC1FC23BB300856881 /* AppDelegate.swift in Sources */ = {isa = PBXBuildFile; fileRef = CA8470AB1FC23BB300856881 /* AppDelegate.swift */; };
		CA8470AE1FC23BB300856881 /* TrelloBoard.swift in Sources */ = {isa = PBXBuildFile; fileRef = CA8470AD1FC23BB300856881 /* TrelloBoard.swift */; };
		CA8470B11FC23BB300856881 /* Main.storyboard in Resources */ = {isa = PBXBuildFile; fileRef = CA8470AF1FC23BB300856881 /* Main.storyboard */; };
		CA8470B41FC23BB300856881 /* Trello_Clone.xcdatamodeld in Sources */ = {isa = PBXBuildFile; fileRef = CA8470B21FC23BB300856881 /* Trello_Clone.xcdatamodeld */; };
		CA8470B61FC23BB300856881 /* Assets.xcassets in Resources */ = {isa = PBXBuildFile; fileRef = CA8470B51FC23BB300856881 /* Assets.xcassets */; };
		CA8470B91FC23BB300856881 /* LaunchScreen.storyboard in Resources */ = {isa = PBXBuildFile; fileRef = CA8470B71FC23BB300856881 /* LaunchScreen.storyboard */; };
		CA8470C51FC23CEB00856881 /* TrelloBrain.swift in Sources */ = {isa = PBXBuildFile; fileRef = CA8470C41FC23CEB00856881 /* TrelloBrain.swift */; };
		CA8470C91FC2483200856881 /* RoundButton.swift in Sources */ = {isa = PBXBuildFile; fileRef = CA8470C81FC2483200856881 /* RoundButton.swift */; };
		CA8470CB1FC24A8200856881 /* ListView.swift in Sources */ = {isa = PBXBuildFile; fileRef = CA8470CA1FC24A8200856881 /* ListView.swift */; };
		CA8470CD1FC253C900856881 /* ListView.xib in Resources */ = {isa = PBXBuildFile; fileRef = CA8470CC1FC253C900856881 /* ListView.xib */; };
		CA8470CF1FC269FA00856881 /* UIScrollView+Extension.swift in Sources */ = {isa = PBXBuildFile; fileRef = CA8470CE1FC269FA00856881 /* UIScrollView+Extension.swift */; };
/* End PBXBuildFile section */

/* Begin PBXFileReference section */
		CA8470A81FC23BB300856881 /* Trello-Clone.app */ = {isa = PBXFileReference; explicitFileType = wrapper.application; includeInIndex = 0; path = "Trello-Clone.app"; sourceTree = BUILT_PRODUCTS_DIR; };
		CA8470AB1FC23BB300856881 /* AppDelegate.swift */ = {isa = PBXFileReference; lastKnownFileType = sourcecode.swift; path = AppDelegate.swift; sourceTree = "<group>"; };
		CA8470AD1FC23BB300856881 /* TrelloBoard.swift */ = {isa = PBXFileReference; lastKnownFileType = sourcecode.swift; path = TrelloBoard.swift; sourceTree = "<group>"; };
		CA8470B01FC23BB300856881 /* Base */ = {isa = PBXFileReference; lastKnownFileType = file.storyboard; name = Base; path = Base.lproj/Main.storyboard; sourceTree = "<group>"; };
		CA8470B31FC23BB300856881 /* Trello_Clone.xcdatamodel */ = {isa = PBXFileReference; lastKnownFileType = wrapper.xcdatamodel; path = Trello_Clone.xcdatamodel; sourceTree = "<group>"; };
		CA8470B51FC23BB300856881 /* Assets.xcassets */ = {isa = PBXFileReference; lastKnownFileType = folder.assetcatalog; path = Assets.xcassets; sourceTree = "<group>"; };
		CA8470B81FC23BB300856881 /* Base */ = {isa = PBXFileReference; lastKnownFileType = file.storyboard; name = Base; path = Base.lproj/LaunchScreen.storyboard; sourceTree = "<group>"; };
		CA8470BA1FC23BB300856881 /* Info.plist */ = {isa = PBXFileReference; lastKnownFileType = text.plist.xml; path = Info.plist; sourceTree = "<group>"; };
		CA8470C41FC23CEB00856881 /* TrelloBrain.swift */ = {isa = PBXFileReference; lastKnownFileType = sourcecode.swift; path = TrelloBrain.swift; sourceTree = "<group>"; };
		CA8470C81FC2483200856881 /* RoundButton.swift */ = {isa = PBXFileReference; lastKnownFileType = sourcecode.swift; path = RoundButton.swift; sourceTree = "<group>"; };
		CA8470CA1FC24A8200856881 /* ListView.swift */ = {isa = PBXFileReference; lastKnownFileType = sourcecode.swift; path = ListView.swift; sourceTree = "<group>"; };
		CA8470CC1FC253C900856881 /* ListView.xib */ = {isa = PBXFileReference; fileEncoding = 4; lastKnownFileType = file.xib; path = ListView.xib; sourceTree = "<group>"; };
		CA8470CE1FC269FA00856881 /* UIScrollView+Extension.swift */ = {isa = PBXFileReference; lastKnownFileType = sourcecode.swift; path = "UIScrollView+Extension.swift"; sourceTree = "<group>"; };
/* End PBXFileReference section */

/* Begin PBXFrameworksBuildPhase section */
		CA8470A51FC23BB300856881 /* Frameworks */ = {
			isa = PBXFrameworksBuildPhase;
			buildActionMask = 2147483647;
			files = (
			);
			runOnlyForDeploymentPostprocessing = 0;
		};
/* End PBXFrameworksBuildPhase section */

/* Begin PBXGroup section */
		CA84709F1FC23BB300856881 = {
			isa = PBXGroup;
			children = (
				CA8470AA1FC23BB300856881 /* Trello-Clone */,
				CA8470A91FC23BB300856881 /* Products */,
			);
			sourceTree = "<group>";
		};
		CA8470A91FC23BB300856881 /* Products */ = {
			isa = PBXGroup;
			children = (
				CA8470A81FC23BB300856881 /* Trello-Clone.app */,
			);
			name = Products;
			sourceTree = "<group>";
		};
		CA8470AA1FC23BB300856881 /* Trello-Clone */ = {
			isa = PBXGroup;
			children = (
				CA8470AB1FC23BB300856881 /* AppDelegate.swift */,
				CA8470C01FC23C4B00856881 /* Model */,
				CA8470C21FC23C5300856881 /* Controller */,
				CA8470C11FC23C4E00856881 /* View */,
				CA8470C31FC23C6A00856881 /* Supporting Files */,
			);
			path = "Trello-Clone";
			sourceTree = "<group>";
		};
		CA8470C01FC23C4B00856881 /* Model */ = {
			isa = PBXGroup;
			children = (
				CA8470C41FC23CEB00856881 /* TrelloBrain.swift */,
				CA8470D01FC269FE00856881 /* Extensions */,
			);
			path = Model;
			sourceTree = "<group>";
		};
		CA8470C11FC23C4E00856881 /* View */ = {
			isa = PBXGroup;
			children = (
				CA8470B71FC23BB300856881 /* LaunchScreen.storyboard */,
				CA8470AF1FC23BB300856881 /* Main.storyboard */,
				CA8470CC1FC253C900856881 /* ListView.xib */,
				CA8470CA1FC24A8200856881 /* ListView.swift */,
				CA8470C81FC2483200856881 /* RoundButton.swift */,
			);
			path = View;
			sourceTree = "<group>";
		};
		CA8470C21FC23C5300856881 /* Controller */ = {
			isa = PBXGroup;
			children = (
				CA8470AD1FC23BB300856881 /* TrelloBoard.swift */,
			);
			path = Controller;
			sourceTree = "<group>";
		};
		CA8470C31FC23C6A00856881 /* Supporting Files */ = {
			isa = PBXGroup;
			children = (
				CA8470B51FC23BB300856881 /* Assets.xcassets */,
				CA8470BA1FC23BB300856881 /* Info.plist */,
				CA8470B21FC23BB300856881 /* Trello_Clone.xcdatamodeld */,
			);
			path = "Supporting Files";
			sourceTree = "<group>";
		};
		CA8470D01FC269FE00856881 /* Extensions */ = {
			isa = PBXGroup;
			children = (
				CA8470CE1FC269FA00856881 /* UIScrollView+Extension.swift */,
			);
			path = Extensions;
			sourceTree = "<group>";
		};
/* End PBXGroup section */

/* Begin PBXNativeTarget section */
		CA8470A71FC23BB300856881 /* Trello-Clone */ = {
			isa = PBXNativeTarget;
			buildConfigurationList = CA8470BD1FC23BB300856881 /* Build configuration list for PBXNativeTarget "Trello-Clone" */;
			buildPhases = (
				CA8470A41FC23BB300856881 /* Sources */,
				CA8470A51FC23BB300856881 /* Frameworks */,
				CA8470A61FC23BB300856881 /* Resources */,
			);
			buildRules = (
			);
			dependencies = (
			);
			name = "Trello-Clone";
			productName = "Trello-Clone";
			productReference = CA8470A81FC23BB300856881 /* Trello-Clone.app */;
			productType = "com.apple.product-type.application";
		};
/* End PBXNativeTarget section */

/* Begin PBXProject section */
		CA8470A01FC23BB300856881 /* Project object */ = {
			isa = PBXProject;
			attributes = {
				LastSwiftUpdateCheck = 0910;
				LastUpgradeCheck = 0910;
				ORGANIZATIONNAME = SinCityDev;
				TargetAttributes = {
					CA8470A71FC23BB300856881 = {
						CreatedOnToolsVersion = 9.1;
						ProvisioningStyle = Automatic;
					};
				};
			};
			buildConfigurationList = CA8470A31FC23BB300856881 /* Build configuration list for PBXProject "Trello-Clone" */;
			compatibilityVersion = "Xcode 8.0";
			developmentRegion = en;
			hasScannedForEncodings = 0;
			knownRegions = (
				en,
				Base,
			);
			mainGroup = CA84709F1FC23BB300856881;
			productRefGroup = CA8470A91FC23BB300856881 /* Products */;
			projectDirPath = "";
			projectRoot = "";
			targets = (
				CA8470A71FC23BB300856881 /* Trello-Clone */,
			);
		};
/* End PBXProject section */

/* Begin PBXResourcesBuildPhase section */
		CA8470A61FC23BB300856881 /* Resources */ = {
			isa = PBXResourcesBuildPhase;
			buildActionMask = 2147483647;
			files = (
				CA8470CD1FC253C900856881 /* ListView.xib in Resources */,
				CA8470B91FC23BB300856881 /* LaunchScreen.storyboard in Resources */,
				CA8470B61FC23BB300856881 /* Assets.xcassets in Resources */,
				CA8470B11FC23BB300856881 /* Main.storyboard in Resources */,
			);
			runOnlyForDeploymentPostprocessing = 0;
		};
/* End PBXResourcesBuildPhase section */

/* Begin PBXSourcesBuildPhase section */
		CA8470A41FC23BB300856881 /* Sources */ = {
			isa = PBXSourcesBuildPhase;
			buildActionMask = 2147483647;
			files = (
				CA8470CF1FC269FA00856881 /* UIScrollView+Extension.swift in Sources */,
				CA8470AE1FC23BB300856881 /* TrelloBoard.swift in Sources */,
				CA8470C91FC2483200856881 /* RoundButton.swift in Sources */,
				CA8470CB1FC24A8200856881 /* ListView.swift in Sources */,
				CA8470B41FC23BB300856881 /* Trello_Clone.xcdatamodeld in Sources */,
				CA8470C51FC23CEB00856881 /* TrelloBrain.swift in Sources */,
				CA8470AC1FC23BB300856881 /* AppDelegate.swift in Sources */,
			);
			runOnlyForDeploymentPostprocessing = 0;
		};
/* End PBXSourcesBuildPhase section */

/* Begin PBXVariantGroup section */
		CA8470AF1FC23BB300856881 /* Main.storyboard */ = {
			isa = PBXVariantGroup;
			children = (
				CA8470B01FC23BB300856881 /* Base */,
			);
			name = Main.storyboard;
			sourceTree = "<group>";
		};
		CA8470B71FC23BB300856881 /* LaunchScreen.storyboard */ = {
			isa = PBXVariantGroup;
			children = (
				CA8470B81FC23BB300856881 /* Base */,
			);
			name = LaunchScreen.storyboard;
			sourceTree = "<group>";
		};
/* End PBXVariantGroup section */

/* Begin XCBuildConfiguration section */
		CA8470BB1FC23BB300856881 /* Debug */ = {
			isa = XCBuildConfiguration;
			buildSettings = {
				ALWAYS_SEARCH_USER_PATHS = NO;
				CLANG_ANALYZER_NONNULL = YES;
				CLANG_ANALYZER_NUMBER_OBJECT_CONVERSION = YES_AGGRESSIVE;
				CLANG_CXX_LANGUAGE_STANDARD = "gnu++14";
				CLANG_CXX_LIBRARY = "libc++";
				CLANG_ENABLE_MODULES = YES;
				CLANG_ENABLE_OBJC_ARC = YES;
				CLANG_WARN_BLOCK_CAPTURE_AUTORELEASING = YES;
				CLANG_WARN_BOOL_CONVERSION = YES;
				CLANG_WARN_COMMA = YES;
				CLANG_WARN_CONSTANT_CONVERSION = YES;
				CLANG_WARN_DIRECT_OBJC_ISA_USAGE = YES_ERROR;
				CLANG_WARN_DOCUMENTATION_COMMENTS = YES;
				CLANG_WARN_EMPTY_BODY = YES;
				CLANG_WARN_ENUM_CONVERSION = YES;
				CLANG_WARN_INFINITE_RECURSION = YES;
				CLANG_WARN_INT_CONVERSION = YES;
				CLANG_WARN_NON_LITERAL_NULL_CONVERSION = YES;
				CLANG_WARN_OBJC_LITERAL_CONVERSION = YES;
				CLANG_WARN_OBJC_ROOT_CLASS = YES_ERROR;
				CLANG_WARN_RANGE_LOOP_ANALYSIS = YES;
				CLANG_WARN_STRICT_PROTOTYPES = YES;
				CLANG_WARN_SUSPICIOUS_MOVE = YES;
				CLANG_WARN_UNGUARDED_AVAILABILITY = YES_AGGRESSIVE;
				CLANG_WARN_UNREACHABLE_CODE = YES;
				CLANG_WARN__DUPLICATE_METHOD_MATCH = YES;
				CODE_SIGN_IDENTITY = "iPhone Developer";
				COPY_PHASE_STRIP = NO;
				DEBUG_INFORMATION_FORMAT = dwarf;
				ENABLE_STRICT_OBJC_MSGSEND = YES;
				ENABLE_TESTABILITY = YES;
				GCC_C_LANGUAGE_STANDARD = gnu11;
				GCC_DYNAMIC_NO_PIC = NO;
				GCC_NO_COMMON_BLOCKS = YES;
				GCC_OPTIMIZATION_LEVEL = 0;
				GCC_PREPROCESSOR_DEFINITIONS = (
					"DEBUG=1",
					"$(inherited)",
				);
				GCC_WARN_64_TO_32_BIT_CONVERSION = YES;
				GCC_WARN_ABOUT_RETURN_TYPE = YES_ERROR;
				GCC_WARN_UNDECLARED_SELECTOR = YES;
				GCC_WARN_UNINITIALIZED_AUTOS = YES_AGGRESSIVE;
				GCC_WARN_UNUSED_FUNCTION = YES;
				GCC_WARN_UNUSED_VARIABLE = YES;
				IPHONEOS_DEPLOYMENT_TARGET = 11.1;
				MTL_ENABLE_DEBUG_INFO = YES;
				ONLY_ACTIVE_ARCH = YES;
				SDKROOT = iphoneos;
				SWIFT_ACTIVE_COMPILATION_CONDITIONS = DEBUG;
				SWIFT_OPTIMIZATION_LEVEL = "-Onone";
			};
			name = Debug;
		};
		CA8470BC1FC23BB300856881 /* Release */ = {
			isa = XCBuildConfiguration;
			buildSettings = {
				ALWAYS_SEARCH_USER_PATHS = NO;
				CLANG_ANALYZER_NONNULL = YES;
				CLANG_ANALYZER_NUMBER_OBJECT_CONVERSION = YES_AGGRESSIVE;
				CLANG_CXX_LANGUAGE_STANDARD = "gnu++14";
				CLANG_CXX_LIBRARY = "libc++";
				CLANG_ENABLE_MODULES = YES;
				CLANG_ENABLE_OBJC_ARC = YES;
				CLANG_WARN_BLOCK_CAPTURE_AUTORELEASING = YES;
				CLANG_WARN_BOOL_CONVERSION = YES;
				CLANG_WARN_COMMA = YES;
				CLANG_WARN_CONSTANT_CONVERSION = YES;
				CLANG_WARN_DIRECT_OBJC_ISA_USAGE = YES_ERROR;
				CLANG_WARN_DOCUMENTATION_COMMENTS = YES;
				CLANG_WARN_EMPTY_BODY = YES;
				CLANG_WARN_ENUM_CONVERSION = YES;
				CLANG_WARN_INFINITE_RECURSION = YES;
				CLANG_WARN_INT_CONVERSION = YES;
				CLANG_WARN_NON_LITERAL_NULL_CONVERSION = YES;
				CLANG_WARN_OBJC_LITERAL_CONVERSION = YES;
				CLANG_WARN_OBJC_ROOT_CLASS = YES_ERROR;
				CLANG_WARN_RANGE_LOOP_ANALYSIS = YES;
				CLANG_WARN_STRICT_PROTOTYPES = YES;
				CLANG_WARN_SUSPICIOUS_MOVE = YES;
				CLANG_WARN_UNGUARDED_AVAILABILITY = YES_AGGRESSIVE;
				CLANG_WARN_UNREACHABLE_CODE = YES;
				CLANG_WARN__DUPLICATE_METHOD_MATCH = YES;
				CODE_SIGN_IDENTITY = "iPhone Developer";
				COPY_PHASE_STRIP = NO;
				DEBUG_INFORMATION_FORMAT = "dwarf-with-dsym";
				ENABLE_NS_ASSERTIONS = NO;
				ENABLE_STRICT_OBJC_MSGSEND = YES;
				GCC_C_LANGUAGE_STANDARD = gnu11;
				GCC_NO_COMMON_BLOCKS = YES;
				GCC_WARN_64_TO_32_BIT_CONVERSION = YES;
				GCC_WARN_ABOUT_RETURN_TYPE = YES_ERROR;
				GCC_WARN_UNDECLARED_SELECTOR = YES;
				GCC_WARN_UNINITIALIZED_AUTOS = YES_AGGRESSIVE;
				GCC_WARN_UNUSED_FUNCTION = YES;
				GCC_WARN_UNUSED_VARIABLE = YES;
				IPHONEOS_DEPLOYMENT_TARGET = 11.1;
				MTL_ENABLE_DEBUG_INFO = NO;
				SDKROOT = iphoneos;
				SWIFT_OPTIMIZATION_LEVEL = "-Owholemodule";
				VALIDATE_PRODUCT = YES;
			};
			name = Release;
		};
		CA8470BE1FC23BB300856881 /* Debug */ = {
			isa = XCBuildConfiguration;
			buildSettings = {
				ASSETCATALOG_COMPILER_APPICON_NAME = AppIcon;
				CODE_SIGN_STYLE = Automatic;
				DEVELOPMENT_TEAM = 6Z5EK2Z6N5;
				INFOPLIST_FILE = "Trello-Clone/Supporting Files/Info.plist";
				IPHONEOS_DEPLOYMENT_TARGET = 11.0;
				LD_RUNPATH_SEARCH_PATHS = "$(inherited) @executable_path/Frameworks";
				PRODUCT_BUNDLE_IDENTIFIER = "edu.unlv.keteboa.Trello-Clone";
				PRODUCT_NAME = "$(TARGET_NAME)";
				SWIFT_VERSION = 4.0;
				TARGETED_DEVICE_FAMILY = "1,2";
			};
			name = Debug;
		};
		CA8470BF1FC23BB300856881 /* Release */ = {
			isa = XCBuildConfiguration;
			buildSettings = {
				ASSETCATALOG_COMPILER_APPICON_NAME = AppIcon;
				CODE_SIGN_STYLE = Automatic;
				DEVELOPMENT_TEAM = 6Z5EK2Z6N5;
				INFOPLIST_FILE = "Trello-Clone/Supporting Files/Info.plist";
				IPHONEOS_DEPLOYMENT_TARGET = 11.0;
				LD_RUNPATH_SEARCH_PATHS = "$(inherited) @executable_path/Frameworks";
				PRODUCT_BUNDLE_IDENTIFIER = "edu.unlv.keteboa.Trello-Clone";
				PRODUCT_NAME = "$(TARGET_NAME)";
				SWIFT_VERSION = 4.0;
				TARGETED_DEVICE_FAMILY = "1,2";
			};
			name = Release;
		};
/* End XCBuildConfiguration section */

/* Begin XCConfigurationList section */
		CA8470A31FC23BB300856881 /* Build configuration list for PBXProject "Trello-Clone" */ = {
			isa = XCConfigurationList;
			buildConfigurations = (
				CA8470BB1FC23BB300856881 /* Debug */,
				CA8470BC1FC23BB300856881 /* Release */,
			);
			defaultConfigurationIsVisible = 0;
			defaultConfigurationName = Release;
		};
		CA8470BD1FC23BB300856881 /* Build configuration list for PBXNativeTarget "Trello-Clone" */ = {
			isa = XCConfigurationList;
			buildConfigurations = (
				CA8470BE1FC23BB300856881 /* Debug */,
				CA8470BF1FC23BB300856881 /* Release */,
			);
			defaultConfigurationIsVisible = 0;
			defaultConfigurationName = Release;
		};
/* End XCConfigurationList section */

/* Begin XCVersionGroup section */
		CA8470B21FC23BB300856881 /* Trello_Clone.xcdatamodeld */ = {
			isa = XCVersionGroup;
			children = (
				CA8470B31FC23BB300856881 /* Trello_Clone.xcdatamodel */,
			);
			currentVersion = CA8470B31FC23BB300856881 /* Trello_Clone.xcdatamodel */;
			path = Trello_Clone.xcdatamodeld;
			sourceTree = "<group>";
			versionGroupType = wrapper.xcdatamodel;
		};
/* End XCVersionGroup section */
	};
	rootObject = CA8470A01FC23BB300856881 /* Project object */;
}
